PODS:
  - Appboy-iOS-SDK (4.4.2):
    - Appboy-iOS-SDK/UI (= 4.4.2)
  - Appboy-iOS-SDK/ContentCards (4.4.2):
    - Appboy-iOS-SDK/Core
    - SDWebImage (< 6, >= 5.8.2)
  - Appboy-iOS-SDK/Core (4.4.2)
  - Appboy-iOS-SDK/InAppMessage (4.4.2):
    - Appboy-iOS-SDK/Core
    - SDWebImage (< 6, >= 5.8.2)
  - Appboy-iOS-SDK/NewsFeed (4.4.2):
    - Appboy-iOS-SDK/Core
    - SDWebImage (< 6, >= 5.8.2)
  - Appboy-iOS-SDK/UI (4.4.2):
    - Appboy-iOS-SDK/ContentCards
    - Appboy-iOS-SDK/Core
    - Appboy-iOS-SDK/InAppMessage
    - Appboy-iOS-SDK/NewsFeed
  - BrazeDesu (0.1.2):
    - Appboy-iOS-SDK (= 4.4.2)
  - Expecta (1.0.6)
  - SDWebImage (5.16.0):
    - SDWebImage/Core (= 5.16.0)
  - SDWebImage/Core (5.16.0)
  - Specta (2.0.0)

DEPENDENCIES:
  - BrazeDesu (= 0.1.2)
  - Expecta
  - Specta

SPEC REPOS:
  trunk:
    - Appboy-iOS-SDK
    - BrazeDesu
    - Expecta
    - SDWebImage
    - Specta

SPEC CHECKSUMS:
  Appboy-iOS-SDK: 4a7dfe908639da81e5e85849355f6066b58b4cc6
  BrazeDesu: 3268d67c93ec61a4d105edf2233caa823b772c89
  Expecta: 3b6bd90a64b9a1dcb0b70aa0e10a7f8f631667d5
  SDWebImage: 2aea163b50bfcb569a2726b6a754c54a4506fcf6
  Specta: b79d84043684b35ffdc2680df578dc318ec2efc2

PODFILE CHECKSUM: ce8cb7d66ce2849d4fb4c5f9278644a44e3f23b0

COCOAPODS: 1.12.0
